{
  "name": "Chess Ai",
  "lockfileVersion": 3,
  "requires": true,
  "packages": {
    "": {
      "dependencies": {
        "chess.js": "^1.0.0-beta.7"
      }
    },
    "node_modules/chess.js": {
      "version": "1.0.0-beta.7",
      "resolved": "https://registry.npmjs.org/chess.js/-/chess.js-1.0.0-beta.7.tgz",
      "integrity": "sha512-2qG/f3M9Lil/hBey2uoJy9zhNr1BWIXZngRUJFt7j1QqS5Y5Ywq8Rd3l7ZBCbyJjhsLhxTcVhv6xy7BfjC19Dw=="
    }
  }
}
